// !$*UTF8*$!
{
	archiveVersion = 1;
	classes = {
	};
	objectVersion = 56;
	objects = {

/* Begin PBXBuildFile section */
		039B86292AE63BD60000961D /* WeatherAppApp.swift in Sources */ = {isa = PBXBuildFile; fileRef = 039B86282AE63BD60000961D /* WeatherAppApp.swift */; };
		039B862B2AE63BD60000961D /* ContentView.swift in Sources */ = {isa = PBXBuildFile; fileRef = 039B862A2AE63BD60000961D /* ContentView.swift */; };
		039B862D2AE63BDB0000961D /* Assets.xcassets in Resources */ = {isa = PBXBuildFile; fileRef = 039B862C2AE63BDB0000961D /* Assets.xcassets */; };
		039B86302AE63BDB0000961D /* Preview Assets.xcassets in Resources */ = {isa = PBXBuildFile; fileRef = 039B862F2AE63BDB0000961D /* Preview Assets.xcassets */; };
		03D63B522AE6D381005215B0 /* WelcomeView.swift in Sources */ = {isa = PBXBuildFile; fileRef = 03D63B512AE6D380005215B0 /* WelcomeView.swift */; };
		03D63B562AE6DCF7005215B0 /* LoadingView.swift in Sources */ = {isa = PBXBuildFile; fileRef = 03D63B552AE6DCF6005215B0 /* LoadingView.swift */; };
		03D63B582AE6E440005215B0 /* LocationManager.swift in Sources */ = {isa = PBXBuildFile; fileRef = 03D63B572AE6E440005215B0 /* LocationManager.swift */; };
		03D63B5A2AE6E5D6005215B0 /* WeatherManager.swift in Sources */ = {isa = PBXBuildFile; fileRef = 03D63B592AE6E5D6005215B0 /* WeatherManager.swift */; };
		03D63B5C2AE6EB05005215B0 /* WeatherView.swift in Sources */ = {isa = PBXBuildFile; fileRef = 03D63B5B2AE6EB05005215B0 /* WeatherView.swift */; };
		03D63B5E2AE6EB98005215B0 /* ModelData.swift in Sources */ = {isa = PBXBuildFile; fileRef = 03D63B5D2AE6EB98005215B0 /* ModelData.swift */; };
		03D63B602AE6EBCA005215B0 /* weatherData.json in Resources */ = {isa = PBXBuildFile; fileRef = 03D63B5F2AE6EBCA005215B0 /* weatherData.json */; };
		03D63B622AE6EDD4005215B0 /* Extensions.swift in Sources */ = {isa = PBXBuildFile; fileRef = 03D63B612AE6EDD4005215B0 /* Extensions.swift */; };
		03D63B652AE743F4005215B0 /* WeatherRow.swift in Sources */ = {isa = PBXBuildFile; fileRef = 03D63B642AE743F4005215B0 /* WeatherRow.swift */; };
/* End PBXBuildFile section */

/* Begin PBXFileReference section */
		039B86252AE63BD60000961D /* WeatherApp.app */ = {isa = PBXFileReference; explicitFileType = wrapper.application; includeInIndex = 0; path = WeatherApp.app; sourceTree = BUILT_PRODUCTS_DIR; };
		039B86282AE63BD60000961D /* WeatherAppApp.swift */ = {isa = PBXFileReference; lastKnownFileType = sourcecode.swift; path = WeatherAppApp.swift; sourceTree = "<group>"; };
		039B862A2AE63BD60000961D /* ContentView.swift */ = {isa = PBXFileReference; lastKnownFileType = sourcecode.swift; path = ContentView.swift; sourceTree = "<group>"; };
		039B862C2AE63BDB0000961D /* Assets.xcassets */ = {isa = PBXFileReference; lastKnownFileType = folder.assetcatalog; path = Assets.xcassets; sourceTree = "<group>"; };
		039B862F2AE63BDB0000961D /* Preview Assets.xcassets */ = {isa = PBXFileReference; lastKnownFileType = folder.assetcatalog; path = "Preview Assets.xcassets"; sourceTree = "<group>"; };
		03D63B512AE6D380005215B0 /* WelcomeView.swift */ = {isa = PBXFileReference; lastKnownFileType = sourcecode.swift; path = WelcomeView.swift; sourceTree = "<group>"; };
		03D63B552AE6DCF6005215B0 /* LoadingView.swift */ = {isa = PBXFileReference; lastKnownFileType = sourcecode.swift; path = LoadingView.swift; sourceTree = "<group>"; };
		03D63B572AE6E440005215B0 /* LocationManager.swift */ = {isa = PBXFileReference; lastKnownFileType = sourcecode.swift; path = LocationManager.swift; sourceTree = "<group>"; };
		03D63B592AE6E5D6005215B0 /* WeatherManager.swift */ = {isa = PBXFileReference; lastKnownFileType = sourcecode.swift; path = WeatherManager.swift; sourceTree = "<group>"; };
		03D63B5B2AE6EB05005215B0 /* WeatherView.swift */ = {isa = PBXFileReference; lastKnownFileType = sourcecode.swift; path = WeatherView.swift; sourceTree = "<group>"; };
		03D63B5D2AE6EB98005215B0 /* ModelData.swift */ = {isa = PBXFileReference; lastKnownFileType = sourcecode.swift; path = ModelData.swift; sourceTree = "<group>"; };
		03D63B5F2AE6EBCA005215B0 /* weatherData.json */ = {isa = PBXFileReference; lastKnownFileType = text.json; path = weatherData.json; sourceTree = "<group>"; };
		03D63B612AE6EDD4005215B0 /* Extensions.swift */ = {isa = PBXFileReference; lastKnownFileType = sourcecode.swift; path = Extensions.swift; sourceTree = "<group>"; };
		03D63B642AE743F4005215B0 /* WeatherRow.swift */ = {isa = PBXFileReference; lastKnownFileType = sourcecode.swift; path = WeatherRow.swift; sourceTree = "<group>"; };
/* End PBXFileReference section */

/* Begin PBXFrameworksBuildPhase section */
		039B86222AE63BD60000961D /* Frameworks */ = {
			isa = PBXFrameworksBuildPhase;
			buildActionMask = 2147483647;
			files = (
			);
			runOnlyForDeploymentPostprocessing = 0;
		};
/* End PBXFrameworksBuildPhase section */

/* Begin PBXGroup section */
		039B861C2AE63BD60000961D = {
			isa = PBXGroup;
			children = (
				039B86272AE63BD60000961D /* WeatherApp */,
				039B86262AE63BD60000961D /* Products */,
			);
			sourceTree = "<group>";
		};
		039B86262AE63BD60000961D /* Products */ = {
			isa = PBXGroup;
			children = (
				039B86252AE63BD60000961D /* WeatherApp.app */,
			);
			name = Products;
			sourceTree = "<group>";
		};
		039B86272AE63BD60000961D /* WeatherApp */ = {
			isa = PBXGroup;
			children = (
				03D63B632AE743E2005215B0 /* Components */,
				039B86282AE63BD60000961D /* WeatherAppApp.swift */,
				03D63B502AE6D36D005215B0 /* Views */,
				039B86362AE63C140000961D /* ViewModel */,
				039B862C2AE63BDB0000961D /* Assets.xcassets */,
				039B862E2AE63BDB0000961D /* Preview Content */,
				03D63B612AE6EDD4005215B0 /* Extensions.swift */,
			);
			path = WeatherApp;
			sourceTree = "<group>";
		};
		039B862E2AE63BDB0000961D /* Preview Content */ = {
			isa = PBXGroup;
			children = (
				039B862F2AE63BDB0000961D /* Preview Assets.xcassets */,
				03D63B5D2AE6EB98005215B0 /* ModelData.swift */,
				03D63B5F2AE6EBCA005215B0 /* weatherData.json */,
			);
			path = "Preview Content";
			sourceTree = "<group>";
		};
		039B86362AE63C140000961D /* ViewModel */ = {
			isa = PBXGroup;
			children = (
				03D63B572AE6E440005215B0 /* LocationManager.swift */,
				03D63B592AE6E5D6005215B0 /* WeatherManager.swift */,
			);
			path = ViewModel;
			sourceTree = "<group>";
		};
		03D63B502AE6D36D005215B0 /* Views */ = {
			isa = PBXGroup;
			children = (
				039B862A2AE63BD60000961D /* ContentView.swift */,
				03D63B512AE6D380005215B0 /* WelcomeView.swift */,
				03D63B552AE6DCF6005215B0 /* LoadingView.swift */,
				03D63B5B2AE6EB05005215B0 /* WeatherView.swift */,
			);
			path = Views;
			sourceTree = "<group>";
		};
		03D63B632AE743E2005215B0 /* Components */ = {
			isa = PBXGroup;
			children = (
				03D63B642AE743F4005215B0 /* WeatherRow.swift */,
			);
			path = Components;
			sourceTree = "<group>";
		};
/* End PBXGroup section */

/* Begin PBXNativeTarget section */
		039B86242AE63BD60000961D /* WeatherApp */ = {
			isa = PBXNativeTarget;
			buildConfigurationList = 039B86332AE63BDB0000961D /* Build configuration list for PBXNativeTarget "WeatherApp" */;
			buildPhases = (
				039B86212AE63BD60000961D /* Sources */,
				039B86222AE63BD60000961D /* Frameworks */,
				039B86232AE63BD60000961D /* Resources */,
			);
			buildRules = (
			);
			dependencies = (
			);
			name = WeatherApp;
			productName = WeatherApp;
			productReference = 039B86252AE63BD60000961D /* WeatherApp.app */;
			productType = "com.apple.product-type.application";
		};
/* End PBXNativeTarget section */

/* Begin PBXProject section */
		039B861D2AE63BD60000961D /* Project object */ = {
			isa = PBXProject;
			attributes = {
				BuildIndependentTargetsInParallel = 1;
				LastSwiftUpdateCheck = 1500;
				LastUpgradeCheck = 1500;
				TargetAttributes = {
					039B86242AE63BD60000961D = {
						CreatedOnToolsVersion = 15.0.1;
					};
				};
			};
			buildConfigurationList = 039B86202AE63BD60000961D /* Build configuration list for PBXProject "WeatherApp" */;
			compatibilityVersion = "Xcode 14.0";
			developmentRegion = en;
			hasScannedForEncodings = 0;
			knownRegions = (
				en,
				Base,
			);
			mainGroup = 039B861C2AE63BD60000961D;
			productRefGroup = 039B86262AE63BD60000961D /* Products */;
			projectDirPath = "";
			projectRoot = "";
			targets = (
				039B86242AE63BD60000961D /* WeatherApp */,
			);
		};
/* End PBXProject section */

/* Begin PBXResourcesBuildPhase section */
		039B86232AE63BD60000961D /* Resources */ = {
			isa = PBXResourcesBuildPhase;
			buildActionMask = 2147483647;
			files = (
				039B86302AE63BDB0000961D /* Preview Assets.xcassets in Resources */,
				03D63B602AE6EBCA005215B0 /* weatherData.json in Resources */,
				039B862D2AE63BDB0000961D /* Assets.xcassets in Resources */,
			);
			runOnlyForDeploymentPostprocessing = 0;
		};
/* End PBXResourcesBuildPhase section */

/* Begin PBXSourcesBuildPhase section */
		039B86212AE63BD60000961D /* Sources */ = {
			isa = PBXSourcesBuildPhase;
			buildActionMask = 2147483647;
			files = (
				03D63B5A2AE6E5D6005215B0 /* WeatherManager.swift in Sources */,
				03D63B622AE6EDD4005215B0 /* Extensions.swift in Sources */,
				039B862B2AE63BD60000961D /* ContentView.swift in Sources */,
				03D63B582AE6E440005215B0 /* LocationManager.swift in Sources */,
				039B86292AE63BD60000961D /* WeatherAppApp.swift in Sources */,
				03D63B652AE743F4005215B0 /* WeatherRow.swift in Sources */,
				03D63B562AE6DCF7005215B0 /* LoadingView.swift in Sources */,
				03D63B5E2AE6EB98005215B0 /* ModelData.swift in Sources */,
				03D63B5C2AE6EB05005215B0 /* WeatherView.swift in Sources */,
				03D63B522AE6D381005215B0 /* WelcomeView.swift in Sources */,
			);
			runOnlyForDeploymentPostprocessing = 0;
		};
/* End PBXSourcesBuildPhase section */

/* Begin XCBuildConfiguration section */
		039B86312AE63BDB0000961D /* Debug */ = {
			isa = XCBuildConfiguration;
			buildSettings = {
				ALWAYS_SEARCH_USER_PATHS = NO;
				ASSETCATALOG_COMPILER_GENERATE_SWIFT_ASSET_SYMBOL_EXTENSIONS = YES;
				CLANG_ANALYZER_NONNULL = YES;
				CLANG_ANALYZER_NUMBER_OBJECT_CONVERSION = YES_AGGRESSIVE;
				CLANG_CXX_LANGUAGE_STANDARD = "gnu++20";
				CLANG_ENABLE_MODULES = YES;
				CLANG_ENABLE_OBJC_ARC = YES;
				CLANG_ENABLE_OBJC_WEAK = YES;
				CLANG_WARN_BLOCK_CAPTURE_AUTORELEASING = YES;
				CLANG_WARN_BOOL_CONVERSION = YES;
				CLANG_WARN_COMMA = YES;
				CLANG_WARN_CONSTANT_CONVERSION = YES;
				CLANG_WARN_DEPRECATED_OBJC_IMPLEMENTATIONS = YES;
				CLANG_WARN_DIRECT_OBJC_ISA_USAGE = YES_ERROR;
				CLANG_WARN_DOCUMENTATION_COMMENTS = YES;
				CLANG_WARN_EMPTY_BODY = YES;
				CLANG_WARN_ENUM_CONVERSION = YES;
				CLANG_WARN_INFINITE_RECURSION = YES;
				CLANG_WARN_INT_CONVERSION = YES;
				CLANG_WARN_NON_LITERAL_NULL_CONVERSION = YES;
				CLANG_WARN_OBJC_IMPLICIT_RETAIN_SELF = YES;
				CLANG_WARN_OBJC_LITERAL_CONVERSION = YES;
				CLANG_WARN_OBJC_ROOT_CLASS = YES_ERROR;
				CLANG_WARN_QUOTED_INCLUDE_IN_FRAMEWORK_HEADER = YES;
				CLANG_WARN_RANGE_LOOP_ANALYSIS = YES;
				CLANG_WARN_STRICT_PROTOTYPES = YES;
				CLANG_WARN_SUSPICIOUS_MOVE = YES;
				CLANG_WARN_UNGUARDED_AVAILABILITY = YES_AGGRESSIVE;
				CLANG_WARN_UNREACHABLE_CODE = YES;
				CLANG_WARN__DUPLICATE_METHOD_MATCH = YES;
				COPY_PHASE_STRIP = NO;
				DEBUG_INFORMATION_FORMAT = dwarf;
				ENABLE_STRICT_OBJC_MSGSEND = YES;
				ENABLE_TESTABILITY = YES;
				ENABLE_USER_SCRIPT_SANDBOXING = YES;
				GCC_C_LANGUAGE_STANDARD = gnu17;
				GCC_DYNAMIC_NO_PIC = NO;
				GCC_NO_COMMON_BLOCKS = YES;
				GCC_OPTIMIZATION_LEVEL = 0;
				GCC_PREPROCESSOR_DEFINITIONS = (
					"DEBUG=1",
					"$(inherited)",
				);
				GCC_WARN_64_TO_32_BIT_CONVERSION = YES;
				GCC_WARN_ABOUT_RETURN_TYPE = YES_ERROR;
				GCC_WARN_UNDECLARED_SELECTOR = YES;
				GCC_WARN_UNINITIALIZED_AUTOS = YES_AGGRESSIVE;
				GCC_WARN_UNUSED_FUNCTION = YES;
				GCC_WARN_UNUSED_VARIABLE = YES;
				IPHONEOS_DEPLOYMENT_TARGET = 17.0;
				LOCALIZATION_PREFERS_STRING_CATALOGS = YES;
				MTL_ENABLE_DEBUG_INFO = INCLUDE_SOURCE;
				MTL_FAST_MATH = YES;
				ONLY_ACTIVE_ARCH = YES;
				SDKROOT = iphoneos;
				SWIFT_ACTIVE_COMPILATION_CONDITIONS = "DEBUG $(inherited)";
				SWIFT_OPTIMIZATION_LEVEL = "-Onone";
			};
			name = Debug;
		};
		039B86322AE63BDB0000961D /* Release */ = {
			isa = XCBuildConfiguration;
			buildSettings = {
				ALWAYS_SEARCH_USER_PATHS = NO;
				ASSETCATALOG_COMPILER_GENERATE_SWIFT_ASSET_SYMBOL_EXTENSIONS = YES;
				CLANG_ANALYZER_NONNULL = YES;
				CLANG_ANALYZER_NUMBER_OBJECT_CONVERSION = YES_AGGRESSIVE;
				CLANG_CXX_LANGUAGE_STANDARD = "gnu++20";
				CLANG_ENABLE_MODULES = YES;
				CLANG_ENABLE_OBJC_ARC = YES;
				CLANG_ENABLE_OBJC_WEAK = YES;
				CLANG_WARN_BLOCK_CAPTURE_AUTORELEASING = YES;
				CLANG_WARN_BOOL_CONVERSION = YES;
				CLANG_WARN_COMMA = YES;
				CLANG_WARN_CONSTANT_CONVERSION = YES;
				CLANG_WARN_DEPRECATED_OBJC_IMPLEMENTATIONS = YES;
				CLANG_WARN_DIRECT_OBJC_ISA_USAGE = YES_ERROR;
				CLANG_WARN_DOCUMENTATION_COMMENTS = YES;
				CLANG_WARN_EMPTY_BODY = YES;
				CLANG_WARN_ENUM_CONVERSION = YES;
				CLANG_WARN_INFINITE_RECURSION = YES;
				CLANG_WARN_INT_CONVERSION = YES;
				CLANG_WARN_NON_LITERAL_NULL_CONVERSION = YES;
				CLANG_WARN_OBJC_IMPLICIT_RETAIN_SELF = YES;
				CLANG_WARN_OBJC_LITERAL_CONVERSION = YES;
				CLANG_WARN_OBJC_ROOT_CLASS = YES_ERROR;
				CLANG_WARN_QUOTED_INCLUDE_IN_FRAMEWORK_HEADER = YES;
				CLANG_WARN_RANGE_LOOP_ANALYSIS = YES;
				CLANG_WARN_STRICT_PROTOTYPES = YES;
				CLANG_WARN_SUSPICIOUS_MOVE = YES;
				CLANG_WARN_UNGUARDED_AVAILABILITY = YES_AGGRESSIVE;
				CLANG_WARN_UNREACHABLE_CODE = YES;
				CLANG_WARN__DUPLICATE_METHOD_MATCH = YES;
				COPY_PHASE_STRIP = NO;
				DEBUG_INFORMATION_FORMAT = "dwarf-with-dsym";
				ENABLE_NS_ASSERTIONS = NO;
				ENABLE_STRICT_OBJC_MSGSEND = YES;
				ENABLE_USER_SCRIPT_SANDBOXING = YES;
				GCC_C_LANGUAGE_STANDARD = gnu17;
				GCC_NO_COMMON_BLOCKS = YES;
				GCC_WARN_64_TO_32_BIT_CONVERSION = YES;
				GCC_WARN_ABOUT_RETURN_TYPE = YES_ERROR;
				GCC_WARN_UNDECLARED_SELECTOR = YES;
				GCC_WARN_UNINITIALIZED_AUTOS = YES_AGGRESSIVE;
				GCC_WARN_UNUSED_FUNCTION = YES;
				GCC_WARN_UNUSED_VARIABLE = YES;
				IPHONEOS_DEPLOYMENT_TARGET = 17.0;
				LOCALIZATION_PREFERS_STRING_CATALOGS = YES;
				MTL_ENABLE_DEBUG_INFO = NO;
				MTL_FAST_MATH = YES;
				SDKROOT = iphoneos;
				SWIFT_COMPILATION_MODE = wholemodule;
				VALIDATE_PRODUCT = YES;
			};
			name = Release;
		};
		039B86342AE63BDB0000961D /* Debug */ = {
			isa = XCBuildConfiguration;
			buildSettings = {
				ASSETCATALOG_COMPILER_APPICON_NAME = AppIcon;
				ASSETCATALOG_COMPILER_GLOBAL_ACCENT_COLOR_NAME = AccentColor;
				CODE_SIGN_STYLE = Automatic;
				CURRENT_PROJECT_VERSION = 1;
				DEVELOPMENT_ASSET_PATHS = "\"WeatherApp/Preview Content\"";
				ENABLE_PREVIEWS = YES;
				GENERATE_INFOPLIST_FILE = YES;
				INFOPLIST_KEY_LSApplicationCategoryType = "";
				INFOPLIST_KEY_UIApplicationSceneManifest_Generation = YES;
				INFOPLIST_KEY_UIApplicationSupportsIndirectInputEvents = YES;
				INFOPLIST_KEY_UILaunchScreen_Generation = YES;
				INFOPLIST_KEY_UISupportedInterfaceOrientations_iPad = "UIInterfaceOrientationPortrait UIInterfaceOrientationPortraitUpsideDown UIInterfaceOrientationLandscapeLeft UIInterfaceOrientationLandscapeRight";
				INFOPLIST_KEY_UISupportedInterfaceOrientations_iPhone = "UIInterfaceOrientationPortrait UIInterfaceOrientationLandscapeLeft UIInterfaceOrientationLandscapeRight";
				LD_RUNPATH_SEARCH_PATHS = (
					"$(inherited)",
					"@executable_path/Frameworks",
				);
				MARKETING_VERSION = 1.0;
				PRODUCT_BUNDLE_IDENTIFIER = daniel.josh.WeatherApp;
				PRODUCT_NAME = "$(TARGET_NAME)";
				SWIFT_EMIT_LOC_STRINGS = YES;
				SWIFT_VERSION = 5.0;
				TARGETED_DEVICE_FAMILY = "1,2";
			};
			name = Debug;
		};
		039B86352AE63BDB0000961D /* Release */ = {
			isa = XCBuildConfiguration;
			buildSettings = {
				ASSETCATALOG_COMPILER_APPICON_NAME = AppIcon;
				ASSETCATALOG_COMPILER_GLOBAL_ACCENT_COLOR_NAME = AccentColor;
				CODE_SIGN_STYLE = Automatic;
				CURRENT_PROJECT_VERSION = 1;
				DEVELOPMENT_ASSET_PATHS = "\"WeatherApp/Preview Content\"";
				ENABLE_PREVIEWS = YES;
				GENERATE_INFOPLIST_FILE = YES;
				INFOPLIST_KEY_LSApplicationCategoryType = "";
				INFOPLIST_KEY_UIApplicationSceneManifest_Generation = YES;
				INFOPLIST_KEY_UIApplicationSupportsIndirectInputEvents = YES;
				INFOPLIST_KEY_UILaunchScreen_Generation = YES;
				INFOPLIST_KEY_UISupportedInterfaceOrientations_iPad = "UIInterfaceOrientationPortrait UIInterfaceOrientationPortraitUpsideDown UIInterfaceOrientationLandscapeLeft UIInterfaceOrientationLandscapeRight";
				INFOPLIST_KEY_UISupportedInterfaceOrientations_iPhone = "UIInterfaceOrientationPortrait UIInterfaceOrientationLandscapeLeft UIInterfaceOrientationLandscapeRight";
				LD_RUNPATH_SEARCH_PATHS = (
					"$(inherited)",
					"@executable_path/Frameworks",
				);
				MARKETING_VERSION = 1.0;
				PRODUCT_BUNDLE_IDENTIFIER = daniel.josh.WeatherApp;
				PRODUCT_NAME = "$(TARGET_NAME)";
				SWIFT_EMIT_LOC_STRINGS = YES;
				SWIFT_VERSION = 5.0;
				TARGETED_DEVICE_FAMILY = "1,2";
			};
			name = Release;
		};
/* End XCBuildConfiguration section */

/* Begin XCConfigurationList section */
		039B86202AE63BD60000961D /* Build configuration list for PBXProject "WeatherApp" */ = {
			isa = XCConfigurationList;
			buildConfigurations = (
				039B86312AE63BDB0000961D /* Debug */,
				039B86322AE63BDB0000961D /* Release */,
			);
			defaultConfigurationIsVisible = 0;
			defaultConfigurationName = Release;
		};
		039B86332AE63BDB0000961D /* Build configuration list for PBXNativeTarget "WeatherApp" */ = {
			isa = XCConfigurationList;
			buildConfigurations = (
				039B86342AE63BDB0000961D /* Debug */,
				039B86352AE63BDB0000961D /* Release */,
			);
			defaultConfigurationIsVisible = 0;
			defaultConfigurationName = Release;
		};
/* End XCConfigurationList section */
	};
	rootObject = 039B861D2AE63BD60000961D /* Project object */;
}
